{
  "object": {
    "pins": [
      {
        "package": "swift-nio",
        "repositoryURL": "https://github.com/apple/swift-nio.git",
        "state": {
          "branch": null,
          "revision": "6aa9347d9bc5bbfe6a84983aec955c17ffea96ef",
          "version": "2.33.0"
        }
      }
    ]
  },
  "version": 1
}
